k8s.io/api v0.36.1 h1:XbL/EMj8K2aJpJtePmqUyQMsM0D4QI2pvl7YKJ20FTY=
k8s.io/api v0.36.1/go.mod h1:KOWo4ey3TINlXjeHVuwB3i+tXXnu+UcwFBHlI/9dvEo=
k8s.io/apimachinery v0.36.1 h1:G63Gjx2W+q0YD+72Vo8oY0nDnePVwnuzTmmy5ENrVSA=
k8s.io/apimachinery v0.36.1/go.mod h1:ibYOR00vW/I1kzvi5SF0dRuJ52BvKtfvRdOn35GPQ+8=
k8s.io/client-go v0.36.1 h1:FN/K8QIT2CEDt+2WB2HnWrUANZ50AP5GII43/SP2JR0=
k8s.io/client-go v0.36.1/go.mod h1:s6rAnCtTGYDQnpNjEhSaISV+2O8jwruZ6m3QOYBFbtU=
